
Microsoft Visual Studio Solution File, Format Version 12.00
# Visual Studio Version 17
VisualStudioVersion = 17.1.32228.430
MinimumVisualStudioVersion = 10.0.40219.1
Project("{9A19103F-16F7-4668-BE54-9A1E7A4F7556}") = "Ejemplo01", "Ejemplo01\Ejemplo01.csproj", "{C22EE825-6D84-4DB4-A237-4E89E7294FB8}"
EndProject
Project("{9A19103F-16F7-4668-BE54-9A1E7A4F7556}") = "Ejemplo02", "Ejemplo02\Ejemplo02.csproj", "{8770D2E2-C0FE-4F6B-AC1B-6164C8B6EC66}"
EndProject
Project("{9A19103F-16F7-4668-BE54-9A1E7A4F7556}") = "Ejemplo03", "Ejemplo03\Ejemplo03.csproj", "{E60E3958-EB6B-47F3-9279-E3592D3F56C5}"
EndProject
Project("{9A19103F-16F7-4668-BE54-9A1E7A4F7556}") = "Ejemplo04", "Ejemplo04\Ejemplo04.csproj", "{B46E554D-6C8A-4E47-82A7-376F3BFC7D83}"
EndProject
Project("{9A19103F-16F7-4668-BE54-9A1E7A4F7556}") = "WinThreads", "WinThreads\WinThreads.csproj", "{A41629FE-974C-4243-A69D-4DFA84F47435}"
EndProject
Global
	GlobalSection(SolutionConfigurationPlatforms) = preSolution
		Debug|Any CPU = Debug|Any CPU
		Release|Any CPU = Release|Any CPU
	EndGlobalSection
	GlobalSection(ProjectConfigurationPlatforms) = postSolution
		{C22EE825-6D84-4DB4-A237-4E89E7294FB8}.Debug|Any CPU.ActiveCfg = Debug|Any CPU
		{C22EE825-6D84-4DB4-A237-4E89E7294FB8}.Debug|Any CPU.Build.0 = Debug|Any CPU
		{C22EE825-6D84-4DB4-A237-4E89E7294FB8}.Release|Any CPU.ActiveCfg = Release|Any CPU
		{C22EE825-6D84-4DB4-A237-4E89E7294FB8}.Release|Any CPU.Build.0 = Release|Any CPU
		{8770D2E2-C0FE-4F6B-AC1B-6164C8B6EC66}.Debug|Any CPU.ActiveCfg = Debug|Any CPU
		{8770D2E2-C0FE-4F6B-AC1B-6164C8B6EC66}.Debug|Any CPU.Build.0 = Debug|Any CPU
		{8770D2E2-C0FE-4F6B-AC1B-6164C8B6EC66}.Release|Any CPU.ActiveCfg = Release|Any CPU
		{8770D2E2-C0FE-4F6B-AC1B-6164C8B6EC66}.Release|Any CPU.Build.0 = Release|Any CPU
		{E60E3958-EB6B-47F3-9279-E3592D3F56C5}.Debug|Any CPU.ActiveCfg = Debug|Any CPU
		{E60E3958-EB6B-47F3-9279-E3592D3F56C5}.Debug|Any CPU.Build.0 = Debug|Any CPU
		{E60E3958-EB6B-47F3-9279-E3592D3F56C5}.Release|Any CPU.ActiveCfg = Release|Any CPU
		{E60E3958-EB6B-47F3-9279-E3592D3F56C5}.Release|Any CPU.Build.0 = Release|Any CPU
		{B46E554D-6C8A-4E47-82A7-376F3BFC7D83}.Debug|Any CPU.ActiveCfg = Debug|Any CPU
		{B46E554D-6C8A-4E47-82A7-376F3BFC7D83}.Debug|Any CPU.Build.0 = Debug|Any CPU
		{B46E554D-6C8A-4E47-82A7-376F3BFC7D83}.Release|Any CPU.ActiveCfg = Release|Any CPU
		{B46E554D-6C8A-4E47-82A7-376F3BFC7D83}.Release|Any CPU.Build.0 = Release|Any CPU
		{A41629FE-974C-4243-A69D-4DFA84F47435}.Debug|Any CPU.ActiveCfg = Debug|Any CPU
		{A41629FE-974C-4243-A69D-4DFA84F47435}.Debug|Any CPU.Build.0 = Debug|Any CPU
		{A41629FE-974C-4243-A69D-4DFA84F47435}.Release|Any CPU.ActiveCfg = Release|Any CPU
		{A41629FE-974C-4243-A69D-4DFA84F47435}.Release|Any CPU.Build.0 = Release|Any CPU
	EndGlobalSection
	GlobalSection(SolutionProperties) = preSolution
		HideSolutionNode = FALSE
	EndGlobalSection
	GlobalSection(ExtensibilityGlobals) = postSolution
		SolutionGuid = {55DDE4A2-C4F4-4CC3-AC1F-3DF4881DE084}
	EndGlobalSection
EndGlobal
